<?xml version="1.0" encoding="utf-8"?>
<Project ToolsVersion="4.0" xmlns="http://schemas.microsoft.com/developer/msbuild/2003">
  <ItemGroup>
    <Filter Include="src">
      <UniqueIdentifier>{f9908d0d-893a-4425-993d-6a15df51b380}</UniqueIdentifier>
    </Filter>
    <Filter Include="src\fw">
      <UniqueIdentifier>{805017f4-df75-4db2-9720-d6196ddfbaf7}</UniqueIdentifier>
    </Filter>
    <Filter Include="src\fw\collision">
      <UniqueIdentifier>{e434e638-4c96-4df2-8f11-8d36c7b75dfe}</UniqueIdentifier>
    </Filter>
    <Filter Include="src\fw\material">
      <UniqueIdentifier>{53422c77-1e6b-4186-8f2f-9f2ac047b9cc}</UniqueIdentifier>
    </Filter>
  </ItemGroup>
  <ItemGroup>
    <ClCompile Include="src\raytracing_main.cpp">
      <Filter>src</Filter>
    </ClCompile>
    <ClCompile Include="src\stdafx.cpp">
      <Filter>src</Filter>
    </ClCompile>
    <ClCompile Include="src\raytracing_windowmanager.cpp">
      <Filter>src</Filter>
    </ClCompile>
    <ClCompile Include="src\fw\raytracing_fw_vecmath.cpp">
      <Filter>src\fw</Filter>
    </ClCompile>
    <ClCompile Include="src\fw\collision\raytracing_fw_collision_spherecollider.cpp">
      <Filter>src\fw\collision</Filter>
    </ClCompile>
    <ClCompile Include="src\raytracing_application.cpp">
      <Filter>src</Filter>
    </ClCompile>
    <ClCompile Include="src\fw\raytracing_fw_camera.cpp">
      <Filter>src\fw</Filter>
    </ClCompile>
    <ClCompile Include="src\fw\raytracing_fw_random.cpp">
      <Filter>src\fw</Filter>
    </ClCompile>
    <ClCompile Include="src\fw\raytracing_fw_lds.cpp">
      <Filter>src\fw</Filter>
    </ClCompile>
    <ClCompile Include="src\fw\raytracing_fw_substance.cpp">
      <Filter>src\fw</Filter>
    </ClCompile>
    <ClCompile Include="src\fw\collision\raytracing_fw_collision_colliderfactory.cpp">
      <Filter>src\fw\collision</Filter>
    </ClCompile>
    <ClCompile Include="src\fw\collision\raytracing_fw_collision_rectanglecollider.cpp">
      <Filter>src\fw\collision</Filter>
    </ClCompile>
    <ClCompile Include="src\fw\material\raytracing_fw_material_directionallight.cpp">
      <Filter>src\fw\material</Filter>
    </ClCompile>
    <ClCompile Include="src\fw\material\raytracing_fw_materail_lambertmaterial.cpp">
      <Filter>src\fw\material</Filter>
    </ClCompile>
    <ClCompile Include="src\fw\material\raytracing_fw_materail_materialfactory.cpp">
      <Filter>src\fw\material</Filter>
    </ClCompile>
  </ItemGroup>
  <ItemGroup>
    <ClInclude Include="src\stdafx.h">
      <Filter>src</Filter>
    </ClInclude>
    <ClInclude Include="src\raytracing_windowmanager.h">
      <Filter>src</Filter>
    </ClInclude>
    <ClInclude Include="src\raytracing_types.h">
      <Filter>src</Filter>
    </ClInclude>
    <ClInclude Include="src\raytracing_forward.h">
      <Filter>src</Filter>
    </ClInclude>
    <ClInclude Include="src\fw\raytracing_fw_vecmath.h">
      <Filter>src\fw</Filter>
    </ClInclude>
    <ClInclude Include="src\fw\raytracing_fw_forward.h">
      <Filter>src\fw</Filter>
    </ClInclude>
    <ClInclude Include="src\fw\raytracing_fw_types.h">
      <Filter>src\fw</Filter>
    </ClInclude>
    <ClInclude Include="src\fw\collision\raytracing_fw_collision_icollider.h">
      <Filter>src\fw\collision</Filter>
    </ClInclude>
    <ClInclude Include="src\fw\collision\raytracing_fw_collision_spherecollider.h">
      <Filter>src\fw\collision</Filter>
    </ClInclude>
    <ClInclude Include="src\raytracing_application.h">
      <Filter>src</Filter>
    </ClInclude>
    <ClInclude Include="src\fw\raytracing_fw_camera.h">
      <Filter>src\fw</Filter>
    </ClInclude>
    <ClInclude Include="src\fw\raytracing_fw_random.h">
      <Filter>src\fw</Filter>
    </ClInclude>
    <ClInclude Include="src\fw\raytracing_fw_lds.h">
      <Filter>src\fw</Filter>
    </ClInclude>
    <ClInclude Include="src\fw\raytracing_fw_substance.h">
      <Filter>src\fw</Filter>
    </ClInclude>
    <ClInclude Include="src\fw\collision\raytracing_fw_collision_colliderfactory.h">
      <Filter>src\fw\collision</Filter>
    </ClInclude>
    <ClInclude Include="src\fw\collision\raytracing_fw_collision_rectanglecollider.h">
      <Filter>src\fw\collision</Filter>
    </ClInclude>
    <ClInclude Include="src\fw\material\raytracing_fw_material_directionallight.h">
      <Filter>src\fw\material</Filter>
    </ClInclude>
    <ClInclude Include="src\fw\material\raytracing_fw_material_imaterial.h">
      <Filter>src\fw\material</Filter>
    </ClInclude>
    <ClInclude Include="src\fw\material\raytracing_fw_material_lambertmaterial.h">
      <Filter>src\fw\material</Filter>
    </ClInclude>
    <ClInclude Include="src\fw\material\raytracing_fw_material_materialfactory.h">
      <Filter>src\fw\material</Filter>
    </ClInclude>
  </ItemGroup>
</Project>